
Microsoft Visual Studio Solution File, Format Version 12.00
# Visual Studio Version 17
VisualStudioVersion = 17.3.32929.385
MinimumVisualStudioVersion = 10.0.40219.1
Project("{FAE04EC0-301F-11D3-BF4B-00C04F79EFBC}") = "AppConselhos.Android", "AppConselhos\AppConselhos.Android\AppConselhos.Android.csproj", "{E7A90C3C-E03D-45B9-BC8E-3B82008BCE33}"
EndProject
Project("{FAE04EC0-301F-11D3-BF4B-00C04F79EFBC}") = "AppConselhos.iOS", "AppConselhos\AppConselhos.iOS\AppConselhos.iOS.csproj", "{D710B18B-348C-4C8B-9F27-991238D88E29}"
EndProject
Project("{FAE04EC0-301F-11D3-BF4B-00C04F79EFBC}") = "AppConselhos", "AppConselhos\AppConselhos\AppConselhos.csproj", "{9978A864-5D1B-4854-A46D-5811BD569DEA}"
EndProject
Global
	GlobalSection(SolutionConfigurationPlatforms) = preSolution
		Debug|Any CPU = Debug|Any CPU
		Debug|iPhone = Debug|iPhone
		Debug|iPhoneSimulator = Debug|iPhoneSimulator
		Release|Any CPU = Release|Any CPU
		Release|iPhone = Release|iPhone
		Release|iPhoneSimulator = Release|iPhoneSimulator
	EndGlobalSection
	GlobalSection(ProjectConfigurationPlatforms) = postSolution
		{E7A90C3C-E03D-45B9-BC8E-3B82008BCE33}.Debug|Any CPU.ActiveCfg = Debug|Any CPU
		{E7A90C3C-E03D-45B9-BC8E-3B82008BCE33}.Debug|Any CPU.Build.0 = Debug|Any CPU
		{E7A90C3C-E03D-45B9-BC8E-3B82008BCE33}.Debug|Any CPU.Deploy.0 = Debug|Any CPU
		{E7A90C3C-E03D-45B9-BC8E-3B82008BCE33}.Debug|iPhone.ActiveCfg = Debug|Any CPU
		{E7A90C3C-E03D-45B9-BC8E-3B82008BCE33}.Debug|iPhone.Build.0 = Debug|Any CPU
		{E7A90C3C-E03D-45B9-BC8E-3B82008BCE33}.Debug|iPhone.Deploy.0 = Debug|Any CPU
		{E7A90C3C-E03D-45B9-BC8E-3B82008BCE33}.Debug|iPhoneSimulator.ActiveCfg = Debug|Any CPU
		{E7A90C3C-E03D-45B9-BC8E-3B82008BCE33}.Debug|iPhoneSimulator.Build.0 = Debug|Any CPU
		{E7A90C3C-E03D-45B9-BC8E-3B82008BCE33}.Debug|iPhoneSimulator.Deploy.0 = Debug|Any CPU
		{E7A90C3C-E03D-45B9-BC8E-3B82008BCE33}.Release|Any CPU.ActiveCfg = Release|Any CPU
		{E7A90C3C-E03D-45B9-BC8E-3B82008BCE33}.Release|Any CPU.Build.0 = Release|Any CPU
		{E7A90C3C-E03D-45B9-BC8E-3B82008BCE33}.Release|Any CPU.Deploy.0 = Release|Any CPU
		{E7A90C3C-E03D-45B9-BC8E-3B82008BCE33}.Release|iPhone.ActiveCfg = Release|Any CPU
		{E7A90C3C-E03D-45B9-BC8E-3B82008BCE33}.Release|iPhone.Build.0 = Release|Any CPU
		{E7A90C3C-E03D-45B9-BC8E-3B82008BCE33}.Release|iPhone.Deploy.0 = Release|Any CPU
		{E7A90C3C-E03D-45B9-BC8E-3B82008BCE33}.Release|iPhoneSimulator.ActiveCfg = Release|Any CPU
		{E7A90C3C-E03D-45B9-BC8E-3B82008BCE33}.Release|iPhoneSimulator.Build.0 = Release|Any CPU
		{E7A90C3C-E03D-45B9-BC8E-3B82008BCE33}.Release|iPhoneSimulator.Deploy.0 = Release|Any CPU
		{D710B18B-348C-4C8B-9F27-991238D88E29}.Debug|Any CPU.ActiveCfg = Debug|iPhone
		{D710B18B-348C-4C8B-9F27-991238D88E29}.Debug|Any CPU.Build.0 = Debug|iPhone
		{D710B18B-348C-4C8B-9F27-991238D88E29}.Debug|Any CPU.Deploy.0 = Debug|iPhone
		{D710B18B-348C-4C8B-9F27-991238D88E29}.Debug|iPhone.ActiveCfg = Debug|iPhone
		{D710B18B-348C-4C8B-9F27-991238D88E29}.Debug|iPhone.Build.0 = Debug|iPhone
		{D710B18B-348C-4C8B-9F27-991238D88E29}.Debug|iPhone.Deploy.0 = Debug|iPhone
		{D710B18B-348C-4C8B-9F27-991238D88E29}.Debug|iPhoneSimulator.ActiveCfg = Debug|iPhoneSimulator
		{D710B18B-348C-4C8B-9F27-991238D88E29}.Debug|iPhoneSimulator.Build.0 = Debug|iPhoneSimulator
		{D710B18B-348C-4C8B-9F27-991238D88E29}.Debug|iPhoneSimulator.Deploy.0 = Debug|iPhoneSimulator
		{D710B18B-348C-4C8B-9F27-991238D88E29}.Release|Any CPU.ActiveCfg = Release|iPhoneSimulator
		{D710B18B-348C-4C8B-9F27-991238D88E29}.Release|Any CPU.Build.0 = Release|iPhoneSimulator
		{D710B18B-348C-4C8B-9F27-991238D88E29}.Release|Any CPU.Deploy.0 = Release|iPhoneSimulator
		{D710B18B-348C-4C8B-9F27-991238D88E29}.Release|iPhone.ActiveCfg = Release|iPhone
		{D710B18B-348C-4C8B-9F27-991238D88E29}.Release|iPhone.Build.0 = Release|iPhone
		{D710B18B-348C-4C8B-9F27-991238D88E29}.Release|iPhone.Deploy.0 = Release|iPhone
		{D710B18B-348C-4C8B-9F27-991238D88E29}.Release|iPhoneSimulator.ActiveCfg = Release|iPhoneSimulator
		{D710B18B-348C-4C8B-9F27-991238D88E29}.Release|iPhoneSimulator.Build.0 = Release|iPhoneSimulator
		{D710B18B-348C-4C8B-9F27-991238D88E29}.Release|iPhoneSimulator.Deploy.0 = Release|iPhoneSimulator
		{9978A864-5D1B-4854-A46D-5811BD569DEA}.Debug|Any CPU.ActiveCfg = Debug|Any CPU
		{9978A864-5D1B-4854-A46D-5811BD569DEA}.Debug|Any CPU.Build.0 = Debug|Any CPU
		{9978A864-5D1B-4854-A46D-5811BD569DEA}.Debug|Any CPU.Deploy.0 = Debug|Any CPU
		{9978A864-5D1B-4854-A46D-5811BD569DEA}.Debug|iPhone.ActiveCfg = Debug|Any CPU
		{9978A864-5D1B-4854-A46D-5811BD569DEA}.Debug|iPhone.Build.0 = Debug|Any CPU
		{9978A864-5D1B-4854-A46D-5811BD569DEA}.Debug|iPhone.Deploy.0 = Debug|Any CPU
		{9978A864-5D1B-4854-A46D-5811BD569DEA}.Debug|iPhoneSimulator.ActiveCfg = Debug|Any CPU
		{9978A864-5D1B-4854-A46D-5811BD569DEA}.Debug|iPhoneSimulator.Build.0 = Debug|Any CPU
		{9978A864-5D1B-4854-A46D-5811BD569DEA}.Debug|iPhoneSimulator.Deploy.0 = Debug|Any CPU
		{9978A864-5D1B-4854-A46D-5811BD569DEA}.Release|Any CPU.ActiveCfg = Release|Any CPU
		{9978A864-5D1B-4854-A46D-5811BD569DEA}.Release|Any CPU.Build.0 = Release|Any CPU
		{9978A864-5D1B-4854-A46D-5811BD569DEA}.Release|Any CPU.Deploy.0 = Release|Any CPU
		{9978A864-5D1B-4854-A46D-5811BD569DEA}.Release|iPhone.ActiveCfg = Release|Any CPU
		{9978A864-5D1B-4854-A46D-5811BD569DEA}.Release|iPhone.Build.0 = Release|Any CPU
		{9978A864-5D1B-4854-A46D-5811BD569DEA}.Release|iPhone.Deploy.0 = Release|Any CPU
		{9978A864-5D1B-4854-A46D-5811BD569DEA}.Release|iPhoneSimulator.ActiveCfg = Release|Any CPU
		{9978A864-5D1B-4854-A46D-5811BD569DEA}.Release|iPhoneSimulator.Build.0 = Release|Any CPU
		{9978A864-5D1B-4854-A46D-5811BD569DEA}.Release|iPhoneSimulator.Deploy.0 = Release|Any CPU
	EndGlobalSection
	GlobalSection(SolutionProperties) = preSolution
		HideSolutionNode = FALSE
	EndGlobalSection
	GlobalSection(ExtensibilityGlobals) = postSolution
		SolutionGuid = {86F7CAFA-C3B9-4C85-A1E9-BF74902B1F0C}
	EndGlobalSection
EndGlobal
